{
  "version": "5",
  "specifiers": {
    "jsr:@david/dax@*": "0.43.1",
    "jsr:@david/path@0.2": "0.2.0",
    "jsr:@david/which@~0.4.1": "0.4.1",
    "jsr:@std/assert@1": "1.0.13",
    "jsr:@std/bytes@^1.0.5": "1.0.5",
    "jsr:@std/fmt@1": "1.0.7",
    "jsr:@std/fs@1": "1.0.17",
    "jsr:@std/internal@^1.0.6": "1.0.6",
    "jsr:@std/io@0.225": "0.225.2",
    "jsr:@std/path@1": "1.0.9",
    "jsr:@std/path@^1.0.9": "1.0.9",
    "npm:lefthook@*": "1.11.12",
    "npm:lefthook@1.11.12": "1.11.12",
    "npm:lefthook@^1.11.12": "1.11.12"
  },
  "jsr": {
    "@david/dax@0.43.1": {
      "integrity": "2891dd94b53b8dec5d9caeeefe8378346a245d58edeb275274ef562b9434180e",
      "dependencies": [
        "jsr:@david/path",
        "jsr:@david/which",
        "jsr:@std/fmt",
        "jsr:@std/fs",
        "jsr:@std/io",
        "jsr:@std/path@1"
      ]
    },
    "@david/path@0.2.0": {
      "integrity": "f2d7aa7f02ce5a55e27c09f9f1381794acb09d328f8d3c8a2e3ab3ffc294dccd",
      "dependencies": [
        "jsr:@std/fs",
        "jsr:@std/path@1"
      ]
    },
    "@david/which@0.4.1": {
      "integrity": "896a682b111f92ab866cc70c5b4afab2f5899d2f9bde31ed00203b9c250f225e"
    },
    "@std/assert@1.0.13": {
      "integrity": "ae0d31e41919b12c656c742b22522c32fb26ed0cba32975cb0de2a273cb68b29",
      "dependencies": [
        "jsr:@std/internal"
      ]
    },
    "@std/bytes@1.0.5": {
      "integrity": "4465dd739d7963d964c809202ebea6d5c6b8e3829ef25c6a224290fbb8a1021e"
    },
    "@std/fmt@1.0.7": {
      "integrity": "2a727c043d8df62cd0b819b3fb709b64dd622e42c3b1bb817ea7e6cc606360fb"
    },
    "@std/fs@1.0.17": {
      "integrity": "1c00c632677c1158988ef7a004cb16137f870aafdb8163b9dce86ec652f3952b",
      "dependencies": [
        "jsr:@std/path@^1.0.9"
      ]
    },
    "@std/internal@1.0.6": {
      "integrity": "9533b128f230f73bd209408bb07a4b12f8d4255ab2a4d22a1fd6d87304aca9a4"
    },
    "@std/io@0.225.2": {
      "integrity": "3c740cd4ee4c082e6cfc86458f47e2ab7cb353dc6234d5e9b1f91a2de5f4d6c7",
      "dependencies": [
        "jsr:@std/bytes"
      ]
    },
    "@std/path@1.0.9": {
      "integrity": "260a49f11edd3db93dd38350bf9cd1b4d1366afa98e81b86167b4e3dd750129e"
    }
  },
  "npm": {
    "lefthook-darwin-arm64@1.11.12": {
      "integrity": "sha512-nB3rZVGoign6lhlbdfT1/knk4fV4Kx7kgbho8oSFcpw/o2qRQpLqmclCWUTtf+Pyj4vCzE7hiee/m+uQtvu19w==",
      "os": ["darwin"],
      "cpu": ["arm64"]
    },
    "lefthook-darwin-x64@1.11.12": {
      "integrity": "sha512-ExNz8ctFRRaVz2wpvjmOtV4GeZcRdsAZwnZbmvlu1fMcJ6WtjAuR6fB0ybtcsc03/zBNrfShiq+VtZLkGv8Oeg==",
      "os": ["darwin"],
      "cpu": ["x64"]
    },
    "lefthook-freebsd-arm64@1.11.12": {
      "integrity": "sha512-3Si6YJ8YLEMJ6TGsaBI2ni64XSrJX69N4gX7OKQp85IXeizPUEy7oorYAJCUaw5nMffRbIkzxNTjaMkcn4iwag==",
      "os": ["freebsd"],
      "cpu": ["arm64"]
    },
    "lefthook-freebsd-x64@1.11.12": {
      "integrity": "sha512-J18MNYZKkVdHJ5K54MT8kxJ/W4TBUxD8aCi4e+Oliw8UXAiwaJSTGPkdY5P8aUlVYDknN2w+6I99Dxre6CJRFw==",
      "os": ["freebsd"],
      "cpu": ["x64"]
    },
    "lefthook-linux-arm64@1.11.12": {
      "integrity": "sha512-oIWcj7mcHnFB4tcfz4dsZTnDTXIyF7cjCEqhDQTvqJQLbE1XRfjU0RzQdgSKrzdmXIcUFB+lmcgeRwJnKBEJ8Q==",
      "os": ["linux"],
      "cpu": ["arm64"]
    },
    "lefthook-linux-x64@1.11.12": {
      "integrity": "sha512-sr9X5dW5dl9Fa3Kdk3x66DPGgCz/rykm+JHIyQGfnuvZnaeqkEaXgNubBaVGBbOimagXgtA5DwXc6D6fzUYALA==",
      "os": ["linux"],
      "cpu": ["x64"]
    },
    "lefthook-openbsd-arm64@1.11.12": {
      "integrity": "sha512-4TuX8c/lwky1DSNIY6knIFlMIHQZrVBxh6O5vSTjOAjKv5YmIkNgeUlwcBD+SMru9tQBj7MvOpJSkVkaLK5hhQ==",
      "os": ["openbsd"],
      "cpu": ["arm64"]
    },
    "lefthook-openbsd-x64@1.11.12": {
      "integrity": "sha512-Y/rPvyXtsIH+pxACfLHwxqc2Ahk+aExj8Izce3zXp75Wki5DH+6TXm5tWj5CgIuefL7CMqNFsOZCjEe1+SyM+w==",
      "os": ["openbsd"],
      "cpu": ["x64"]
    },
    "lefthook-windows-arm64@1.11.12": {
      "integrity": "sha512-OJaElGktzsMrkmIpXBqwlc+eZx5kwxx+tJFByTXiW/rb8ttBwj0ueVyfo3lw/PqqlbMy73qc9Uj3CHYkaKsDKw==",
      "os": ["win32"],
      "cpu": ["arm64"]
    },
    "lefthook-windows-x64@1.11.12": {
      "integrity": "sha512-ZhKsisibIcaG+rv9i7UJUgnuejI6mfaS5T3FreqsWt5vAsEIvLLNmZUA15MHPr99n+L4La1YQ2jTqie1kH57dA==",
      "os": ["win32"],
      "cpu": ["x64"]
    },
    "lefthook@1.11.12": {
      "integrity": "sha512-refh8mlcNtwJfmHDH+2mN1KTIVjp1EHlrjzOjfH/hJ4vFQByH2+1KfFDlJLX9V16VESwUNyOGkEZ9cJEF6zNgg==",
      "optionalDependencies": [
        "lefthook-darwin-arm64",
        "lefthook-darwin-x64",
        "lefthook-freebsd-arm64",
        "lefthook-freebsd-x64",
        "lefthook-linux-arm64",
        "lefthook-linux-x64",
        "lefthook-openbsd-arm64",
        "lefthook-openbsd-x64",
        "lefthook-windows-arm64",
        "lefthook-windows-x64"
      ],
      "scripts": true,
      "bin": true
    }
  },
  "workspace": {
    "dependencies": [
      "jsr:@std/assert@1",
      "npm:lefthook@^1.11.12"
    ]
  }
}
