version = 1
revision = 5
requires-python = ">=3.14.8"

[[package]]
name = "dotfiles"
version = "0.0.0"
source = { virtual = "." }

[package.dev-dependencies]
dev = [
    { name = "ty" },
]

[package.metadata]

[package.metadata.requires-dev]
dev = [{ name = "ty", specifier = ">=0.0.86" }]

[[package]]
name = "ty"
version = "0.0.86"
source = { registry = "https://pypi.org/simple" }
sdist = { url = "https://files.pythonhosted.org/packages/f1/fa/9b35728cc3c04d64f434c656836fa3c5f6e384a7813e48e63245510d5c69/ty-0.0.86.tar.gz", hash = "sha256:6edcaf52e207d653873d5f495c1a8470075b232030714c981f07f0a1075bc343", size = 7911723, upload-time = "2026-10-09T22:20:57.83Z" }
wheels = [
    { url = "https://files.pythonhosted.org/packages/95/27/dd422283667ce10d60af57edc3ccab078084282ee304a5c22b5ed79390c6/ty-0.0.86-py3-none-linux_armv6l.whl", hash = "sha256:305c238df5dedf97f1b65e52d2c446a41d11551291e37054858c00c5627bf15b", size = 14159390, upload-time = "2026-10-09T22:20:17.583Z" },
    { url = "https://files.pythonhosted.org/packages/57/e3/838ea547c177983976103d3a54b346afc22d0ff97943ab58c7b7aff1f753/ty-0.0.86-py3-none-macosx_10_12_x86_64.whl", hash = "sha256:27a8a7cf26a1cd17d93586eb20aadbcc535fa6ad4b535813ee8fc52560c31efd", size = 13684426, upload-time = "2026-10-09T22:20:19.939Z" },
    { url = "https://files.pythonhosted.org/packages/bc/62/dfde84ffab702545f866350675b16f8df6555d3c41123c25e7a509fe857e/ty-0.0.86-py3-none-macosx_11_0_arm64.whl", hash = "sha256:40e5fc602af41b0ea89dd1d19fe8da7e75322e6e0db95ea23340a858b409ac2b", size = 12845457, upload-time = "2026-10-09T22:20:21.979Z" },
    { url = "https://files.pythonhosted.org/packages/47/b2/7e0e7ffc8b3961f5f74893ba9b98433b922d3f1ae6621d1e3e3e20663e1d/ty-0.0.86-py3-none-manylinux_2_17_aarch64.manylinux2014_aarch64.whl", hash = "sha256:c4b525ce4feb60aa2dd6becae4c470daea889149ba9dc7699ffbcf41448f69a9", size = 13656310, upload-time = "2026-10-09T22:20:24.544Z" },
    { url = "https://files.pythonhosted.org/packages/e7/c8/977594e024d154f0e064b48a6f7e39a0e1e55a524349dba22146f01e02db/ty-0.0.86-py3-none-manylinux_2_17_armv7l.manylinux2014_armv7l.whl", hash = "sha256:a000ddcc0b99bd1ab8c8277630711061a36ae83395780fdb935bad540ebe7103", size = 13887036, upload-time = "2026-10-09T22:20:26.844Z" },
    { url = "https://files.pythonhosted.org/packages/3a/75/67e8e7bf89a6be7535768380cb20569b460b89cb09d5c82ce27411782786/ty-0.0.86-py3-none-manylinux_2_17_i686.manylinux2014_i686.whl", hash = "sha256:ea3848f3cab206e9798e5a9f7c4ce8a80297b0a88ba9aa8a091360a298e97424", size = 14805103, upload-time = "2026-10-09T22:20:29.274Z" },
    { url = "https://files.pythonhosted.org/packages/a1/14/a7f3b88cc76156feaf5d48601bd5da96a116f846ad0abc526df03a735bcc/ty-0.0.86-py3-none-manylinux_2_17_ppc64le.manylinux2014_ppc64le.whl", hash = "sha256:087bad6ae8fa7248a16c01f5646c121dccaacbaf320ff544eed4e8c5c1fd7555", size = 15203931, upload-time = "2026-10-09T22:20:31.736Z" },
    { url = "https://files.pythonhosted.org/packages/a7/23/42f6ad5d4bb7091d70a0e96d7d436d6bc9a490210a928727dde5d883ed26/ty-0.0.86-py3-none-manylinux_2_17_s390x.manylinux2014_s390x.whl", hash = "sha256:fe7f2721746c9ee64626c69da9245faedc0f375024bf41458e45eb7b28fe5f63", size = 15094434, upload-time = "2026-10-09T22:20:34.269Z" },
    { url = "https://files.pythonhosted.org/packages/d1/b8/211781d3c8de5fa88437412b7a8c0d7a632596033cff51d5004b08e94e1c/ty-0.0.86-py3-none-manylinux_2_17_x86_64.manylinux2014_x86_64.whl", hash = "sha256:a5c18501c54874149d05e5199211146876afeaeee2af234042e56dccc9d5812a", size = 14436812, upload-time = "2026-10-09T22:20:36.795Z" },
    { url = "https://files.pythonhosted.org/packages/b2/2a/518cc7ef2586384345be675d470e0087591810304b5d994d0a2194c7d68e/ty-0.0.86-py3-none-manylinux_2_31_riscv64.whl", hash = "sha256:0a48967c8adba6b12035243f225a0585b0bc5f0bf940a4829876bc455ebf3d2f", size = 14671116, upload-time = "2026-10-09T22:20:39.277Z" },
    { url = "https://files.pythonhosted.org/packages/7a/18/a820553ad3206d0cdfad5866dd64939c7e3be73e891d88c73f7fd3acb5d6/ty-0.0.86-py3-none-musllinux_1_2_aarch64.whl", hash = "sha256:561a4eae98f6ff05395e8d7be8151fdb328eeaead1ac63dc721ca891623f7924", size = 13586361, upload-time = "2026-10-09T22:20:41.444Z" },
    { url = "https://files.pythonhosted.org/packages/22/58/f1700176e6ae4d0a3d25e447734c60ca464d6e76ed2e8a32920ebd41e523/ty-0.0.86-py3-none-musllinux_1_2_armv7l.whl", hash = "sha256:ccad053ce880a1f8c0850d9dd1f277f3ee559a98bded3f93472268376ceccc2d", size = 13900289, upload-time = "2026-10-09T22:20:43.955Z" },
    { url = "https://files.pythonhosted.org/packages/59/86/2f0e3c9a055f8606911a80311763a089784b66af22dd80fd3290e3b167c6/ty-0.0.86-py3-none-musllinux_1_2_i686.whl", hash = "sha256:7c16d22857bad1da56b147bf53ef0ed2252d7677dc5e7ee51c757b2e52ab6351", size = 14235785, upload-time = "2026-10-09T22:20:46.401Z" },
    { url = "https://files.pythonhosted.org/packages/b4/1d/72fa2347b641143b0440296144a65f424fe047302cb13af059988f1de7a4/ty-0.0.86-py3-none-musllinux_1_2_x86_64.whl", hash = "sha256:d863f8f190e96878ed1900a8a6d5093f37761c0c47409e2bdb3d9370e37471e1", size = 14559840, upload-time = "2026-10-09T22:20:48.753Z" },
    { url = "https://files.pythonhosted.org/packages/47/4a/a798be4aee4ea0bb427c22f157945d0ac41310f4d6e058b3758dfb859451/ty-0.0.86-py3-none-win32.whl", hash = "sha256:1ac3d8fe9efae04fbf1407583ed4118e0364a45b49a020d62b202846695a2ba1", size = 13133227, upload-time = "2026-10-09T22:20:51.034Z" },
    { url = "https://files.pythonhosted.org/packages/c7/a0/c9d585fa1c5bf4ed2727f576f1542bc13e268f036451a79d057c249fc26f/ty-0.0.86-py3-none-win_amd64.whl", hash = "sha256:6fe4116fb1a7ad3c4f7804d9241dc81187717fbd9f5fed5b50e2752a20e17a67", size = 13665391, upload-time = "2026-10-09T22:20:53.237Z" },
    { url = "https://files.pythonhosted.org/packages/2a/7e/d9811358bce1e54ac1b93bd44f4c45eba5e2e92672c5410248776c54319e/ty-0.0.86-py3-none-win_arm64.whl", hash = "sha256:0df36f494c5d07f68ebec3edb74fc719c4c959db7061c2018f1dff2dfe62150b", size = 13237981, upload-time = "2026-10-09T22:20:55.586Z" },
]
