version = 1
revision = 3
requires-python = ">=3.14.7"

[[package]]
name = "dotfiles"
version = "0.0.0"
source = { virtual = "." }

[package.dev-dependencies]
dev = [
    { name = "prek" },
    { name = "ruff" },
    { name = "ty" },
]

[package.metadata]

[package.metadata.requires-dev]
dev = [
    { name = "prek", specifier = ">=0.4.13" },
    { name = "ruff", specifier = ">=0.16.3" },
    { name = "ty", specifier = ">=0.0.72" },
]

[[package]]
name = "prek"
version = "0.4.13"
source = { registry = "https://pypi.org/simple" }
sdist = { url = "https://files.pythonhosted.org/packages/d4/79/19f47eeb4d6092d36f94f47a056e7ae7a421d60220c772e8513483521b63/prek-0.4.13.tar.gz", hash = "sha256:9bf3dce400ef38a281836e4fe6429aa5f1690848be77cd97cb53c93769db4681", size = 533200, upload-time = "2026-08-10T08:54:15.477Z" }
wheels = [
    { url = "https://files.pythonhosted.org/packages/c8/12/661dc1c63c322000580dffa8503d28d633cb5d4c3181e662cbb86eded12e/prek-0.4.13-py3-none-linux_armv6l.whl", hash = "sha256:6a313f5f041b2fcbd33bceb6b6e11ee9b8621c8c6ad8ef13787a6d90541b624d", size = 5801508, upload-time = "2026-08-10T08:53:52.18Z" },
    { url = "https://files.pythonhosted.org/packages/86/4a/c50597a45d08b22e5704a5d4d5c03269a581b46cf1f060861f9ba96cdade/prek-0.4.13-py3-none-macosx_10_12_x86_64.whl", hash = "sha256:40436cd7247d2a2fc036ef07d7efcd828acf1aab9d648a8a3f21475e3ad3f789", size = 6141612, upload-time = "2026-08-10T08:53:53.86Z" },
    { url = "https://files.pythonhosted.org/packages/82/93/abc084bbd76bb6c34efbf7db441392f17b7bfc50a54c4d53d3e37c7ad6e0/prek-0.4.13-py3-none-macosx_11_0_arm64.whl", hash = "sha256:019a33b477b7b949fb6dcd6cb33ed494c4a28117e53c370c637ec0aba60211aa", size = 5625418, upload-time = "2026-08-10T08:53:55.39Z" },
    { url = "https://files.pythonhosted.org/packages/ec/4d/a310ff9adcb4b822d935eb55f0f5cdcfe4c18a16610bc5e220a11215dc38/prek-0.4.13-py3-none-manylinux_2_17_aarch64.manylinux2014_aarch64.musllinux_1_1_aarch64.whl", hash = "sha256:5a2851b6e60912e73be1bf2cf61fab5b314add15ba7bcf230f860282bdbaf16b", size = 5942132, upload-time = "2026-08-10T08:53:56.789Z" },
    { url = "https://files.pythonhosted.org/packages/f9/d8/811230ff285000abdc0fb98b56b9ef2d23b2dc530cf2da86fe1665f844ba/prek-0.4.13-py3-none-manylinux_2_17_armv7l.manylinux2014_armv7l.whl", hash = "sha256:9ba9b94bd3f47b5f94a4ae504c44f9529cb3258ebaf577a5a6070ea0c6a853d6", size = 5710181, upload-time = "2026-08-10T08:53:58.278Z" },
    { url = "https://files.pythonhosted.org/packages/74/84/01f7163cc4267daba6b01cfac726327c6d848d2bb7349bd2fd877d88f744/prek-0.4.13-py3-none-manylinux_2_17_i686.manylinux2014_i686.whl", hash = "sha256:33fc9e0d435cb9e650ec108f840febe7a94fd266c77149860091cead212dc82d", size = 6157705, upload-time = "2026-08-10T08:53:59.586Z" },
    { url = "https://files.pythonhosted.org/packages/30/e3/061a0e9ebd7064edf70bb783afa575d045ac0cc9035c2143b76401ebcaf5/prek-0.4.13-py3-none-manylinux_2_17_s390x.manylinux2014_s390x.whl", hash = "sha256:91066d8978eab83c111e7c34ee3046a003819d2df15ef7dc2bddeb83dce62bc0", size = 6898016, upload-time = "2026-08-10T08:54:00.927Z" },
    { url = "https://files.pythonhosted.org/packages/cd/68/5e8e2b9ff6a30b46bf35ca3b50e4d164c26406d9e7457d5b4633c6e1fbc0/prek-0.4.13-py3-none-manylinux_2_17_x86_64.manylinux2014_x86_64.whl", hash = "sha256:85646fcc940f30bd946d63b6bbd1000d946994c88e154c5bdde7773a2c358dcf", size = 6365056, upload-time = "2026-08-10T08:54:02.704Z" },
    { url = "https://files.pythonhosted.org/packages/f9/23/afe543b69fb7f35016645eb4b766191e814cbcfa5545d695a2a7dd9b712e/prek-0.4.13-py3-none-manylinux_2_28_aarch64.whl", hash = "sha256:961859c3ddddb8e10367afcf93742da36fa213eda080f168fc1dcbe33e0b004d", size = 5952174, upload-time = "2026-08-10T08:54:04.079Z" },
    { url = "https://files.pythonhosted.org/packages/cc/6e/9e651ce51aa0b03244277f5e0660cf1b946a270cb62635a8a100389a67a2/prek-0.4.13-py3-none-manylinux_2_31_riscv64.whl", hash = "sha256:ccf4fcbfc686ad6b589f2908ed6012a315091c45163e1f4420648b9669651a9e", size = 5761875, upload-time = "2026-08-10T08:54:05.378Z" },
    { url = "https://files.pythonhosted.org/packages/cf/64/e70e18734d93df272476d2f1b30d92c71d41ee7141070f1dd13cfbb2eff8/prek-0.4.13-py3-none-musllinux_1_1_armv7l.whl", hash = "sha256:eb4b7edfe00ca73e58d7e26fb871abddc5854e8d21067a202e43418fb7f98ef2", size = 5685365, upload-time = "2026-08-10T08:54:06.729Z" },
    { url = "https://files.pythonhosted.org/packages/de/78/686fd5d3f12249368a0fdd8f7705e3ba540402a6157ef0b888e48734ff83/prek-0.4.13-py3-none-musllinux_1_1_i686.whl", hash = "sha256:c29449443f89da1647331742984b7046a55084759ad642373a9cc0a973494339", size = 5999013, upload-time = "2026-08-10T08:54:08.183Z" },
    { url = "https://files.pythonhosted.org/packages/9e/aa/93ffac2460b44f6182dbbb3194db976d18332edcb8208c4a796f8f9955f8/prek-0.4.13-py3-none-musllinux_1_1_x86_64.whl", hash = "sha256:7a04d5ac901819b115ecd0bf79cee091f0034323767abcc4a53626eeb96c3be0", size = 6486759, upload-time = "2026-08-10T08:54:09.775Z" },
    { url = "https://files.pythonhosted.org/packages/5b/3c/9f12c0d469ea345c249d5b0a027a1f2bf1ca05041d7785c34c455a9b605c/prek-0.4.13-py3-none-win32.whl", hash = "sha256:6d1bdcc1699ae18270f9bac9c4b4d29c6f1512b7a067e17ce5e220c30636f88c", size = 5515046, upload-time = "2026-08-10T08:54:11.456Z" },
    { url = "https://files.pythonhosted.org/packages/9e/3c/ef9ec67c560e60525d6a49b48a2a60434906f25ec2efa5e010fe2d42bbfa/prek-0.4.13-py3-none-win_amd64.whl", hash = "sha256:2d8fd796ed7944154fbee6d5a6d2490b9d4f14ce3626b1a0c9ca698455b25d9b", size = 5894683, upload-time = "2026-08-10T08:54:12.88Z" },
    { url = "https://files.pythonhosted.org/packages/c5/ce/8fe8fdf8154108a552d5578400da44144697ed11e5bd71d5a4980d7e202e/prek-0.4.13-py3-none-win_arm64.whl", hash = "sha256:65d6811b0220444bcdf539e157d7d5cb8edab01a5ed89534c70d73d675266ecb", size = 5650616, upload-time = "2026-08-10T08:54:14.21Z" },
]

[[package]]
name = "ruff"
version = "0.16.3"
source = { registry = "https://pypi.org/simple" }
sdist = { url = "https://files.pythonhosted.org/packages/61/b3/3213589383f8f1b3938781bd1278713f6d18621a14992b3e81fefb8a5ef9/ruff-0.16.3.tar.gz", hash = "sha256:e76d33a347661a84b5be6d043d0347fdc745dfdcf825a8f4fed64b5e26eebdf2", size = 4891904, upload-time = "2026-08-13T15:17:13.381Z" }
wheels = [
    { url = "https://files.pythonhosted.org/packages/bf/96/493770daebd68c0a67f1549fdf519f53be51fc435186c0585bcc272fd76c/ruff-0.16.3-py3-none-linux_armv6l.whl", hash = "sha256:0c5710e247a58a4521e66e124ba9a74655b414f61ba3a2e9e3811e11098f48f7", size = 10902799, upload-time = "2026-08-13T15:16:27.382Z" },
    { url = "https://files.pythonhosted.org/packages/5e/e6/2becf3942fddc29a29b8df47691d456fb1085391a694f74d84513251418c/ruff-0.16.3-py3-none-macosx_10_12_x86_64.whl", hash = "sha256:fe155130631a2471fd2e14a7a664a4dfbd7194b8229c3d7b2a40b21178639081", size = 11135539, upload-time = "2026-08-13T15:16:30.87Z" },
    { url = "https://files.pythonhosted.org/packages/3e/1e/4b8b72f0d006dbf19326aa99f9ca0ee2ff374187c4d301cf529a51aa06fe/ruff-0.16.3-py3-none-macosx_11_0_arm64.whl", hash = "sha256:e2ed719e14aa64d895c2ee922594a90a43c861a93f0575a95ff8c47cdbd13eb9", size = 10475095, upload-time = "2026-08-13T15:16:33.259Z" },
    { url = "https://files.pythonhosted.org/packages/92/32/2201fa49ba1f6c101ee321e83f051ac7a4b8d07b0ef6b4d3f2772b302275/ruff-0.16.3-py3-none-manylinux_2_17_aarch64.manylinux2014_aarch64.whl", hash = "sha256:9e0b1da805eb043654645d74d5de1e5ce2edc686e40790d2b86f56d71cc06a84", size = 10668771, upload-time = "2026-08-13T15:16:35.65Z" },
    { url = "https://files.pythonhosted.org/packages/c3/66/4afc5c8363bd04d45effce1b7c8713ca037d7a6740b7451a2403a6e3a972/ruff-0.16.3-py3-none-manylinux_2_17_armv7l.manylinux2014_armv7l.whl", hash = "sha256:a37bdea0bbe21780f590bf437d6412c8c4e1b6cd010f91a65c2c40c5e5f5f870", size = 10699568, upload-time = "2026-08-13T15:16:38.195Z" },
    { url = "https://files.pythonhosted.org/packages/53/fd/c67d246bf36bf1698551c56de39e95cd07f70e64433e0098e6267d77061b/ruff-0.16.3-py3-none-manylinux_2_17_i686.manylinux2014_i686.whl", hash = "sha256:09571e6d1288ed9be475207a3ac04ada404f1cd898104be0f6ab8d7df438575b", size = 11499365, upload-time = "2026-08-13T15:16:40.623Z" },
    { url = "https://files.pythonhosted.org/packages/67/0b/00ecbceb99a263af7b12f6f05ac3c92bc47b905e91adc3f207a836e3bc01/ruff-0.16.3-py3-none-manylinux_2_17_ppc64le.manylinux2014_ppc64le.whl", hash = "sha256:2c18c5a101eb540010638cc1ff3c84944d3adb3df62b8d98ca8f22ba484d3413", size = 12311728, upload-time = "2026-08-13T15:16:43.564Z" },
    { url = "https://files.pythonhosted.org/packages/54/b2/b7b3bb54f4d3f7db504e476ad4ab8de530dceebe2c061384b2757ee419e8/ruff-0.16.3-py3-none-manylinux_2_17_s390x.manylinux2014_s390x.whl", hash = "sha256:8457c44f15033c85ddbb77b15d451df9e24e4bd03b628396dd3610cedc3b8f82", size = 11699896, upload-time = "2026-08-13T15:16:46.209Z" },
    { url = "https://files.pythonhosted.org/packages/c7/30/4c468429ac195addc5ee1b717b6ab1b66632786737ca3b2ed3443fb0c26a/ruff-0.16.3-py3-none-manylinux_2_17_x86_64.manylinux2014_x86_64.whl", hash = "sha256:294b95c4ae0cda9388525c2047778aa758d6b8d4bb876fd4e9eaa3ebc92343eb", size = 11058736, upload-time = "2026-08-13T15:16:48.823Z" },
    { url = "https://files.pythonhosted.org/packages/43/67/7a113cdaddf24b64d7f75b1242a99d04c82fcef4f6921fdbb832beaffb5f/ruff-0.16.3-py3-none-manylinux_2_31_riscv64.whl", hash = "sha256:3d0c7c40c87c2a820509c31ba007968da6e1306468c067b2d82fbfdbcd0e8474", size = 11586911, upload-time = "2026-08-13T15:16:51.913Z" },
    { url = "https://files.pythonhosted.org/packages/f1/c1/2e66f24c0f3ead25a5e660111778685e505e5da353c82802bf49f0cbe7b9/ruff-0.16.3-py3-none-musllinux_1_2_aarch64.whl", hash = "sha256:9f738c0fdfa8eed0b2ce7fb27ee7258208a92a68d7949e62aa15164bc7b389da", size = 10954265, upload-time = "2026-08-13T15:16:54.763Z" },
    { url = "https://files.pythonhosted.org/packages/c2/ba/4cee23bf52cba9a058d3726de623624daf50ef9638868edd86f4126157f6/ruff-0.16.3-py3-none-musllinux_1_2_armv7l.whl", hash = "sha256:fb785f0be25abe69d320415cd4f833b59e17ba7613d9ba6a958023b6bceb0a50", size = 10709886, upload-time = "2026-08-13T15:16:57.339Z" },
    { url = "https://files.pythonhosted.org/packages/82/df/7da7194fa5d9dc0a285f7e6fa5a4722e7c63faac0b45b614ded9314363a1/ruff-0.16.3-py3-none-musllinux_1_2_i686.whl", hash = "sha256:c5536e3acfbf9563085aa2be7b13c629c3077e902afc5b941ac44024dbb9f506", size = 11210392, upload-time = "2026-08-13T15:17:00.171Z" },
    { url = "https://files.pythonhosted.org/packages/35/85/7795f6e817af050e7517bf3e7aa9b061cce70ef33d280aad902c956c1ecf/ruff-0.16.3-py3-none-musllinux_1_2_x86_64.whl", hash = "sha256:a2d85c02f9b8e165d85e6779184d38c4132de12603dab59c51c28e22584f9e4d", size = 11626910, upload-time = "2026-08-13T15:17:03.299Z" },
    { url = "https://files.pythonhosted.org/packages/78/9b/475b927cf27a5cbbda3c7bafb69ed6ff77e1d7923d5d85f17c2749d7ae32/ruff-0.16.3-py3-none-win32.whl", hash = "sha256:388cdf2166642bd9b13d52b5932d3170f34f8abed7e8d9a855f1d84b83645a0a", size = 10931415, upload-time = "2026-08-13T15:17:05.726Z" },
    { url = "https://files.pythonhosted.org/packages/b2/99/e2a2bfc4fbf0a1e8a916bc9ebe6fe6c58cc34c28e0ffc6ce281d572d1c2e/ruff-0.16.3-py3-none-win_amd64.whl", hash = "sha256:e80a7d69ca2a6d1c4d352ec91458cdca6e56c83cdbcabd93e4abe1e53591d948", size = 11445993, upload-time = "2026-08-13T15:17:08.353Z" },
    { url = "https://files.pythonhosted.org/packages/69/3e/4132e539aed78c148854d4997a2685b0ed4dc4e87110b59ce528564e184e/ruff-0.16.3-py3-none-win_arm64.whl", hash = "sha256:b8ca152da82c1acc1fa8d5874b15951935f0eef46f10e6954c83859011b6178a", size = 11399302, upload-time = "2026-08-13T15:17:10.908Z" },
]

[[package]]
name = "ty"
version = "0.0.72"
source = { registry = "https://pypi.org/simple" }
sdist = { url = "https://files.pythonhosted.org/packages/d5/df/656e684bafb13c1d146e7d5b5f3e7978ca177232acc84998ff36427e9462/ty-0.0.72.tar.gz", hash = "sha256:ec2b8066b618df18cab4cb8e992f8da45d360332acb23fa34df7fa29cd1b9d3a", size = 6654939, upload-time = "2026-08-14T21:35:42.612Z" }
wheels = [
    { url = "https://files.pythonhosted.org/packages/e2/3b/f51461239a4e66565d4b362f97a3b55fe7fdba2e944068341f87c62f6743/ty-0.0.72-py3-none-linux_armv6l.whl", hash = "sha256:fda86db153ffd85ee52000cf175d6a3f1c0223772cf7c5b6f726200bf92c7b44", size = 12621989, upload-time = "2026-08-14T21:35:01.676Z" },
    { url = "https://files.pythonhosted.org/packages/ca/fb/79ddf683affc679ca856f3510b5640ec3a88a842ba5f654f5d4bc78f1786/ty-0.0.72-py3-none-macosx_10_12_x86_64.whl", hash = "sha256:ceb944c612529b9023acfdc9cf4c0dcbb722549f9d17d46baecd1141baf01d7f", size = 12233910, upload-time = "2026-08-14T21:35:04.334Z" },
    { url = "https://files.pythonhosted.org/packages/5d/45/10562a0d84802158db8fa4ec46de54aa9fdcecdeeaabbfe3639ae7042b66/ty-0.0.72-py3-none-macosx_11_0_arm64.whl", hash = "sha256:108d76218333d6c092e5f1cebf8e9b06f25738613a0236a28e2dd47c936ee52c", size = 12084108, upload-time = "2026-08-14T21:35:06.686Z" },
    { url = "https://files.pythonhosted.org/packages/a1/dc/1fe1aef8d697e3509face271a5331700c7aa1d1e44a4b622707bdfa41d4b/ty-0.0.72-py3-none-manylinux_2_17_aarch64.manylinux2014_aarch64.whl", hash = "sha256:7f3943f186f741a2499a31053872169250c9264a9a49684920e48d8fcf4ef4f5", size = 12132640, upload-time = "2026-08-14T21:35:09.305Z" },
    { url = "https://files.pythonhosted.org/packages/14/46/41ceb265e96969487311a2014bd0e53abb4fbc1395efb2ebe411fcb4db62/ty-0.0.72-py3-none-manylinux_2_17_armv7l.manylinux2014_armv7l.whl", hash = "sha256:cf283c07dc3cc52ca48a3ad8ab100fb5aec3aebbd03ef6a12d5f910b8e596fc5", size = 12402489, upload-time = "2026-08-14T21:35:11.555Z" },
    { url = "https://files.pythonhosted.org/packages/2b/45/30bf43cb4fd505c5c2dd30fda27dde5f05208686cd21217adec77c954204/ty-0.0.72-py3-none-manylinux_2_17_i686.manylinux2014_i686.whl", hash = "sha256:95f3b6462c38f9f115d10cee21f47fedf715fcf2040daf36eef210359300bc7c", size = 13130835, upload-time = "2026-08-14T21:35:13.746Z" },
    { url = "https://files.pythonhosted.org/packages/31/2f/03bba754d2613f640df168335c41f83f41db150bb515839c60d80e3a7880/ty-0.0.72-py3-none-manylinux_2_17_ppc64le.manylinux2014_ppc64le.whl", hash = "sha256:30caf658feb8ffb250d9e9e47107657a78f5f3425c227df1664d8df2ebe38880", size = 13590392, upload-time = "2026-08-14T21:35:16.839Z" },
    { url = "https://files.pythonhosted.org/packages/04/c7/03c67f00e63005ec41585653dc3096064570b1e6273742baae2798cd242f/ty-0.0.72-py3-none-manylinux_2_17_s390x.manylinux2014_s390x.whl", hash = "sha256:27bdc012ddfbeec8948e4a6036c0dc39ac7cf2c8ec7c7d48dc7d2fd56d57b399", size = 13309629, upload-time = "2026-08-14T21:35:19.169Z" },
    { url = "https://files.pythonhosted.org/packages/c1/df/102d3b264eb7f2a58dd11952f229bb5150bb5668d176a6154976a6675981/ty-0.0.72-py3-none-manylinux_2_17_x86_64.manylinux2014_x86_64.whl", hash = "sha256:802c5970a77d7739e6f499921fbb6984fb7ad8a31d95e1ff42fd46f3642e4f3b", size = 12734028, upload-time = "2026-08-14T21:35:22.099Z" },
    { url = "https://files.pythonhosted.org/packages/61/85/d0737c8c54d0ba67366ddfb9f31d88edf0b02299e65923e6945ae60ebcb5/ty-0.0.72-py3-none-manylinux_2_31_riscv64.whl", hash = "sha256:47dce65114fdc615c68ca0edb393b433df0956447e4267df0e264137a789598d", size = 13174832, upload-time = "2026-08-14T21:35:24.71Z" },
    { url = "https://files.pythonhosted.org/packages/1e/31/497f5a96c36d9b586ab6afe0574986835c6fd5b835a89773d2bec4711b49/ty-0.0.72-py3-none-musllinux_1_2_aarch64.whl", hash = "sha256:325144fa07e2675d0faa337fcc864213c272a499eb0cfe5bde2fdc62282d27bc", size = 12215005, upload-time = "2026-08-14T21:35:26.892Z" },
    { url = "https://files.pythonhosted.org/packages/df/7d/46e65b17b4966c7cd0140f134380d33d8e84fe6efccd761533ce793dc502/ty-0.0.72-py3-none-musllinux_1_2_armv7l.whl", hash = "sha256:a5c9f15d0f58e43707d8848274be1821a0ef408eccb8aa7dda28a4a9eddf7640", size = 12421298, upload-time = "2026-08-14T21:35:29.301Z" },
    { url = "https://files.pythonhosted.org/packages/08/2a/12ada4ec17700b3cb1d4fd3bc3e5b1852df9e6885288429318cade87b3c1/ty-0.0.72-py3-none-musllinux_1_2_i686.whl", hash = "sha256:8ee508d64b381871529cc22c412b41071bf5e908b7aa5d66a38f3f6b2573a806", size = 12669242, upload-time = "2026-08-14T21:35:31.444Z" },
    { url = "https://files.pythonhosted.org/packages/1c/1a/4692536880790fb550ed6d44a6096778dc71bb112f2c6d615cebb01a57e5/ty-0.0.72-py3-none-musllinux_1_2_x86_64.whl", hash = "sha256:3699e2ec7921d44da79d6b089f7bf239b2cc53c4e45a5a38430adc34ee9e9a55", size = 12988199, upload-time = "2026-08-14T21:35:33.749Z" },
    { url = "https://files.pythonhosted.org/packages/9a/0d/f5e5a50322e9c45865e7b7a428ba6cd6527387cf0f2472492ac3cf746243/ty-0.0.72-py3-none-win32.whl", hash = "sha256:f25f72a67bd36cd247707c4784e52fad0b6b4f42a1b7dd14804110fa95c486ed", size = 11939708, upload-time = "2026-08-14T21:35:36.006Z" },
    { url = "https://files.pythonhosted.org/packages/3f/4e/8af3534b2e4214e6184a5a59c34101e94a68d578f081f97b995866bab1bf/ty-0.0.72-py3-none-win_amd64.whl", hash = "sha256:cdeee869341717e1736cea2e2d7856738c6957c320f584ed2f68c8f90100d2f5", size = 12643876, upload-time = "2026-08-14T21:35:38.141Z" },
    { url = "https://files.pythonhosted.org/packages/ff/ea/a2606e654c7276bd08586391a2525b0af3f3bf60228a8c57b2d248f273f9/ty-0.0.72-py3-none-win_arm64.whl", hash = "sha256:1bd3ac3ed4424a6d6990a85dc388556aea012bd752de21349a84b685951de0d8", size = 12394857, upload-time = "2026-08-14T21:35:40.277Z" },
]
